// !$*UTF8*$!
{
	archiveVersion = 1;
	classes = {
	};
	objectVersion = 56;
	objects = {

/* Begin PBXBuildFile section */
		BF1620AF2B2CBFF1007ADD2F /* SwiftUI_SMUHealthcareApp.swift in Sources */ = {isa = PBXBuildFile; fileRef = BF1620AE2B2CBFF1007ADD2F /* SwiftUI_SMUHealthcareApp.swift */; };
		BF1620B12B2CBFF1007ADD2F /* ContentView.swift in Sources */ = {isa = PBXBuildFile; fileRef = BF1620B02B2CBFF1007ADD2F /* ContentView.swift */; };
		BF1620B32B2CBFF3007ADD2F /* Assets.xcassets in Resources */ = {isa = PBXBuildFile; fileRef = BF1620B22B2CBFF3007ADD2F /* Assets.xcassets */; };
		BF1620B62B2CBFF3007ADD2F /* Preview Assets.xcassets in Resources */ = {isa = PBXBuildFile; fileRef = BF1620B52B2CBFF3007ADD2F /* Preview Assets.xcassets */; };
		BF1620BD2B2CC0C6007ADD2F /* GoogleService-Info.plist in Resources */ = {isa = PBXBuildFile; fileRef = BF1620BC2B2CC0C6007ADD2F /* GoogleService-Info.plist */; };
		BF1620C02B2CC294007ADD2F /* FirebaseAnalytics in Frameworks */ = {isa = PBXBuildFile; productRef = BF1620BF2B2CC294007ADD2F /* FirebaseAnalytics */; };
		BF1620C22B2CC294007ADD2F /* FirebaseAnalyticsOnDeviceConversion in Frameworks */ = {isa = PBXBuildFile; productRef = BF1620C12B2CC294007ADD2F /* FirebaseAnalyticsOnDeviceConversion */; };
		BF1620C42B2CC294007ADD2F /* FirebaseAnalyticsSwift in Frameworks */ = {isa = PBXBuildFile; productRef = BF1620C32B2CC294007ADD2F /* FirebaseAnalyticsSwift */; };
		BF1620C62B2CC294007ADD2F /* FirebaseAnalyticsWithoutAdIdSupport in Frameworks */ = {isa = PBXBuildFile; productRef = BF1620C52B2CC294007ADD2F /* FirebaseAnalyticsWithoutAdIdSupport */; };
		BF1620C82B2CC294007ADD2F /* FirebaseAppCheck in Frameworks */ = {isa = PBXBuildFile; productRef = BF1620C72B2CC294007ADD2F /* FirebaseAppCheck */; };
		BF1620F22B2CC901007ADD2F /* ProfileView.swift in Sources */ = {isa = PBXBuildFile; fileRef = BF1620F12B2CC901007ADD2F /* ProfileView.swift */; };
		BF1620F52B2CC93A007ADD2F /* LoginView.swift in Sources */ = {isa = PBXBuildFile; fileRef = BF1620F42B2CC93A007ADD2F /* LoginView.swift */; };
		BF1620F72B2CC958007ADD2F /* RegistrationView.swift in Sources */ = {isa = PBXBuildFile; fileRef = BF1620F62B2CC958007ADD2F /* RegistrationView.swift */; };
		BF1620F92B2CC98F007ADD2F /* AuthViewModel.swift in Sources */ = {isa = PBXBuildFile; fileRef = BF1620F82B2CC98F007ADD2F /* AuthViewModel.swift */; };
		BF1620FB2B2CC9C6007ADD2F /* InputView.swift in Sources */ = {isa = PBXBuildFile; fileRef = BF1620FA2B2CC9C6007ADD2F /* InputView.swift */; };
		BF1620FD2B2CC9E3007ADD2F /* SettingsRowView.swift in Sources */ = {isa = PBXBuildFile; fileRef = BF1620FC2B2CC9E3007ADD2F /* SettingsRowView.swift */; };
		BF1620FF2B2CCC37007ADD2F /* User.swift in Sources */ = {isa = PBXBuildFile; fileRef = BF1620FE2B2CCC37007ADD2F /* User.swift */; };
		BF1621012B2CCCD5007ADD2F /* FirebaseAnalytics in Frameworks */ = {isa = PBXBuildFile; productRef = BF1621002B2CCCD5007ADD2F /* FirebaseAnalytics */; };
		BF1621032B2CCCD5007ADD2F /* FirebaseAnalyticsOnDeviceConversion in Frameworks */ = {isa = PBXBuildFile; productRef = BF1621022B2CCCD5007ADD2F /* FirebaseAnalyticsOnDeviceConversion */; };
		BF1621052B2CCCD5007ADD2F /* FirebaseAnalyticsSwift in Frameworks */ = {isa = PBXBuildFile; productRef = BF1621042B2CCCD5007ADD2F /* FirebaseAnalyticsSwift */; };
		BF1621072B2CCCD5007ADD2F /* FirebaseAnalyticsWithoutAdIdSupport in Frameworks */ = {isa = PBXBuildFile; productRef = BF1621062B2CCCD5007ADD2F /* FirebaseAnalyticsWithoutAdIdSupport */; };
		BF1621092B2CCCD5007ADD2F /* FirebaseAppCheck in Frameworks */ = {isa = PBXBuildFile; productRef = BF1621082B2CCCD5007ADD2F /* FirebaseAppCheck */; };
		BF16210B2B2CCCD5007ADD2F /* FirebaseAppDistribution-Beta in Frameworks */ = {isa = PBXBuildFile; productRef = BF16210A2B2CCCD5007ADD2F /* FirebaseAppDistribution-Beta */; };
		BF16210D2B2CCCD5007ADD2F /* FirebaseAuth in Frameworks */ = {isa = PBXBuildFile; productRef = BF16210C2B2CCCD5007ADD2F /* FirebaseAuth */; };
		BF16210F2B2CCCD5007ADD2F /* FirebaseAuthCombine-Community in Frameworks */ = {isa = PBXBuildFile; productRef = BF16210E2B2CCCD5007ADD2F /* FirebaseAuthCombine-Community */; };
		BF1621112B2CCCD5007ADD2F /* FirebaseCrashlytics in Frameworks */ = {isa = PBXBuildFile; productRef = BF1621102B2CCCD5007ADD2F /* FirebaseCrashlytics */; };
		BF1621132B2CCD0C007ADD2F /* FirebaseAnalytics in Frameworks */ = {isa = PBXBuildFile; productRef = BF1621122B2CCD0C007ADD2F /* FirebaseAnalytics */; };
		BF1621152B2CCD0C007ADD2F /* FirebaseAnalyticsOnDeviceConversion in Frameworks */ = {isa = PBXBuildFile; productRef = BF1621142B2CCD0C007ADD2F /* FirebaseAnalyticsOnDeviceConversion */; };
		BF1621172B2CCD0C007ADD2F /* FirebaseAnalyticsSwift in Frameworks */ = {isa = PBXBuildFile; productRef = BF1621162B2CCD0C007ADD2F /* FirebaseAnalyticsSwift */; };
		BF1621192B2CCD0C007ADD2F /* FirebaseAnalyticsWithoutAdIdSupport in Frameworks */ = {isa = PBXBuildFile; productRef = BF1621182B2CCD0C007ADD2F /* FirebaseAnalyticsWithoutAdIdSupport */; };
		BF16211B2B2CCD0C007ADD2F /* FirebaseAppCheck in Frameworks */ = {isa = PBXBuildFile; productRef = BF16211A2B2CCD0C007ADD2F /* FirebaseAppCheck */; };
		BF16211D2B2CCD0C007ADD2F /* FirebaseAppDistribution-Beta in Frameworks */ = {isa = PBXBuildFile; productRef = BF16211C2B2CCD0C007ADD2F /* FirebaseAppDistribution-Beta */; };
		BF16211F2B2CCD0C007ADD2F /* FirebaseAuth in Frameworks */ = {isa = PBXBuildFile; productRef = BF16211E2B2CCD0C007ADD2F /* FirebaseAuth */; };
		BF1621212B2CCD0C007ADD2F /* FirebaseAuthCombine-Community in Frameworks */ = {isa = PBXBuildFile; productRef = BF1621202B2CCD0C007ADD2F /* FirebaseAuthCombine-Community */; };
		BF1621232B2CCD0C007ADD2F /* FirebaseCrashlytics in Frameworks */ = {isa = PBXBuildFile; productRef = BF1621222B2CCD0C007ADD2F /* FirebaseCrashlytics */; };
		BF1621252B2CCD0C007ADD2F /* FirebaseDatabase in Frameworks */ = {isa = PBXBuildFile; productRef = BF1621242B2CCD0C007ADD2F /* FirebaseDatabase */; };
		BF1621272B2CCD0C007ADD2F /* FirebaseDatabaseSwift in Frameworks */ = {isa = PBXBuildFile; productRef = BF1621262B2CCD0C007ADD2F /* FirebaseDatabaseSwift */; };
		BF1621292B2CCD0C007ADD2F /* FirebaseDynamicLinks in Frameworks */ = {isa = PBXBuildFile; productRef = BF1621282B2CCD0C007ADD2F /* FirebaseDynamicLinks */; };
		BF16212B2B2CCD0C007ADD2F /* FirebaseFirestore in Frameworks */ = {isa = PBXBuildFile; productRef = BF16212A2B2CCD0C007ADD2F /* FirebaseFirestore */; };
		BF16212D2B2CCD0C007ADD2F /* FirebaseFirestoreCombine-Community in Frameworks */ = {isa = PBXBuildFile; productRef = BF16212C2B2CCD0C007ADD2F /* FirebaseFirestoreCombine-Community */; };
		BF16212F2B2CCD0C007ADD2F /* FirebaseFirestoreSwift in Frameworks */ = {isa = PBXBuildFile; productRef = BF16212E2B2CCD0C007ADD2F /* FirebaseFirestoreSwift */; };
		BF1621312B2CCD0C007ADD2F /* FirebaseFunctions in Frameworks */ = {isa = PBXBuildFile; productRef = BF1621302B2CCD0C007ADD2F /* FirebaseFunctions */; };
		BF1621332B2CCD0C007ADD2F /* FirebaseFunctionsCombine-Community in Frameworks */ = {isa = PBXBuildFile; productRef = BF1621322B2CCD0C007ADD2F /* FirebaseFunctionsCombine-Community */; };
		BF1621352B2CCD0C007ADD2F /* FirebaseInAppMessaging-Beta in Frameworks */ = {isa = PBXBuildFile; productRef = BF1621342B2CCD0C007ADD2F /* FirebaseInAppMessaging-Beta */; };
		BF1621372B2CCD0C007ADD2F /* FirebaseInAppMessagingSwift-Beta in Frameworks */ = {isa = PBXBuildFile; productRef = BF1621362B2CCD0C007ADD2F /* FirebaseInAppMessagingSwift-Beta */; };
		BF1621392B2CCD0C007ADD2F /* FirebaseInstallations in Frameworks */ = {isa = PBXBuildFile; productRef = BF1621382B2CCD0C007ADD2F /* FirebaseInstallations */; };
		BF16213B2B2CCD0C007ADD2F /* FirebaseMLModelDownloader in Frameworks */ = {isa = PBXBuildFile; productRef = BF16213A2B2CCD0C007ADD2F /* FirebaseMLModelDownloader */; };
		BF16213D2B2CCD0C007ADD2F /* FirebaseMessaging in Frameworks */ = {isa = PBXBuildFile; productRef = BF16213C2B2CCD0C007ADD2F /* FirebaseMessaging */; };
		BF16213F2B2CCD0C007ADD2F /* FirebasePerformance in Frameworks */ = {isa = PBXBuildFile; productRef = BF16213E2B2CCD0C007ADD2F /* FirebasePerformance */; };
		BF1621412B2CCD0C007ADD2F /* FirebaseRemoteConfig in Frameworks */ = {isa = PBXBuildFile; productRef = BF1621402B2CCD0C007ADD2F /* FirebaseRemoteConfig */; };
		BF1621432B2CCD0C007ADD2F /* FirebaseRemoteConfigSwift in Frameworks */ = {isa = PBXBuildFile; productRef = BF1621422B2CCD0C007ADD2F /* FirebaseRemoteConfigSwift */; };
		BF1621452B2CCD0C007ADD2F /* FirebaseStorage in Frameworks */ = {isa = PBXBuildFile; productRef = BF1621442B2CCD0C007ADD2F /* FirebaseStorage */; };
		BF1621472B2CCD0C007ADD2F /* FirebaseStorageCombine-Community in Frameworks */ = {isa = PBXBuildFile; productRef = BF1621462B2CCD0C007ADD2F /* FirebaseStorageCombine-Community */; };
		BF16214B2B2CF0F1007ADD2F /* HealthcareHomeView.swift in Sources */ = {isa = PBXBuildFile; fileRef = BF16214A2B2CF0F0007ADD2F /* HealthcareHomeView.swift */; };
		BF16214E2B2CF750007ADD2F /* EventsHomeView.swift in Sources */ = {isa = PBXBuildFile; fileRef = BF16214D2B2CF750007ADD2F /* EventsHomeView.swift */; };
		BFAC617B2B59B5F60070BE77 /* Event.swift in Sources */ = {isa = PBXBuildFile; fileRef = BFAC617A2B59B5F60070BE77 /* Event.swift */; };
		BFAC617D2B59B75A0070BE77 /* EventDetailView.swift in Sources */ = {isa = PBXBuildFile; fileRef = BFAC617C2B59B75A0070BE77 /* EventDetailView.swift */; };
		BFAC617F2B59BAB80070BE77 /* FamilyMember.swift in Sources */ = {isa = PBXBuildFile; fileRef = BFAC617E2B59BAB80070BE77 /* FamilyMember.swift */; };
		BFAC61822B59BB1C0070BE77 /* FamilyMembersHomeView.swift in Sources */ = {isa = PBXBuildFile; fileRef = BFAC61812B59BB1C0070BE77 /* FamilyMembersHomeView.swift */; };
		BFAC61842B59BB6E0070BE77 /* FamilyMemberDetailView.swift in Sources */ = {isa = PBXBuildFile; fileRef = BFAC61832B59BB6E0070BE77 /* FamilyMemberDetailView.swift */; };
		BFAC61882B59CB1A0070BE77 /* NursesHomeView.swift in Sources */ = {isa = PBXBuildFile; fileRef = BFAC61872B59CB1A0070BE77 /* NursesHomeView.swift */; };
		BFAC618A2B59CB3D0070BE77 /* DoctorsHomeView.swift in Sources */ = {isa = PBXBuildFile; fileRef = BFAC61892B59CB3D0070BE77 /* DoctorsHomeView.swift */; };
/* End PBXBuildFile section */

/* Begin PBXFileReference section */
		BF1620AB2B2CBFF1007ADD2F /* SwiftUI_SMUHealthcare.app */ = {isa = PBXFileReference; explicitFileType = wrapper.application; includeInIndex = 0; path = SwiftUI_SMUHealthcare.app; sourceTree = BUILT_PRODUCTS_DIR; };
		BF1620AE2B2CBFF1007ADD2F /* SwiftUI_SMUHealthcareApp.swift */ = {isa = PBXFileReference; lastKnownFileType = sourcecode.swift; path = SwiftUI_SMUHealthcareApp.swift; sourceTree = "<group>"; };
		BF1620B02B2CBFF1007ADD2F /* ContentView.swift */ = {isa = PBXFileReference; lastKnownFileType = sourcecode.swift; path = ContentView.swift; sourceTree = "<group>"; };
		BF1620B22B2CBFF3007ADD2F /* Assets.xcassets */ = {isa = PBXFileReference; lastKnownFileType = folder.assetcatalog; path = Assets.xcassets; sourceTree = "<group>"; };
		BF1620B52B2CBFF3007ADD2F /* Preview Assets.xcassets */ = {isa = PBXFileReference; lastKnownFileType = folder.assetcatalog; path = "Preview Assets.xcassets"; sourceTree = "<group>"; };
		BF1620BC2B2CC0C6007ADD2F /* GoogleService-Info.plist */ = {isa = PBXFileReference; fileEncoding = 4; lastKnownFileType = text.plist.xml; path = "GoogleService-Info.plist"; sourceTree = "<group>"; };
		BF1620F12B2CC901007ADD2F /* ProfileView.swift */ = {isa = PBXFileReference; lastKnownFileType = sourcecode.swift; path = ProfileView.swift; sourceTree = "<group>"; };
		BF1620F42B2CC93A007ADD2F /* LoginView.swift */ = {isa = PBXFileReference; lastKnownFileType = sourcecode.swift; path = LoginView.swift; sourceTree = "<group>"; };
		BF1620F62B2CC958007ADD2F /* RegistrationView.swift */ = {isa = PBXFileReference; lastKnownFileType = sourcecode.swift; path = RegistrationView.swift; sourceTree = "<group>"; };
		BF1620F82B2CC98F007ADD2F /* AuthViewModel.swift */ = {isa = PBXFileReference; lastKnownFileType = sourcecode.swift; path = AuthViewModel.swift; sourceTree = "<group>"; };
		BF1620FA2B2CC9C6007ADD2F /* InputView.swift */ = {isa = PBXFileReference; lastKnownFileType = sourcecode.swift; path = InputView.swift; sourceTree = "<group>"; };
		BF1620FC2B2CC9E3007ADD2F /* SettingsRowView.swift */ = {isa = PBXFileReference; lastKnownFileType = sourcecode.swift; path = SettingsRowView.swift; sourceTree = "<group>"; };
		BF1620FE2B2CCC37007ADD2F /* User.swift */ = {isa = PBXFileReference; lastKnownFileType = sourcecode.swift; path = User.swift; sourceTree = "<group>"; };
		BF16214A2B2CF0F0007ADD2F /* HealthcareHomeView.swift */ = {isa = PBXFileReference; lastKnownFileType = sourcecode.swift; path = HealthcareHomeView.swift; sourceTree = "<group>"; };
		BF16214D2B2CF750007ADD2F /* EventsHomeView.swift */ = {isa = PBXFileReference; lastKnownFileType = sourcecode.swift; path = EventsHomeView.swift; sourceTree = "<group>"; };
		BFAC617A2B59B5F60070BE77 /* Event.swift */ = {isa = PBXFileReference; lastKnownFileType = sourcecode.swift; path = Event.swift; sourceTree = "<group>"; };
		BFAC617C2B59B75A0070BE77 /* EventDetailView.swift */ = {isa = PBXFileReference; lastKnownFileType = sourcecode.swift; path = EventDetailView.swift; sourceTree = "<group>"; };
		BFAC617E2B59BAB80070BE77 /* FamilyMember.swift */ = {isa = PBXFileReference; lastKnownFileType = sourcecode.swift; path = FamilyMember.swift; sourceTree = "<group>"; };
		BFAC61812B59BB1C0070BE77 /* FamilyMembersHomeView.swift */ = {isa = PBXFileReference; lastKnownFileType = sourcecode.swift; path = FamilyMembersHomeView.swift; sourceTree = "<group>"; };
		BFAC61832B59BB6E0070BE77 /* FamilyMemberDetailView.swift */ = {isa = PBXFileReference; lastKnownFileType = sourcecode.swift; path = FamilyMemberDetailView.swift; sourceTree = "<group>"; };
		BFAC61872B59CB1A0070BE77 /* NursesHomeView.swift */ = {isa = PBXFileReference; lastKnownFileType = sourcecode.swift; path = NursesHomeView.swift; sourceTree = "<group>"; };
		BFAC61892B59CB3D0070BE77 /* DoctorsHomeView.swift */ = {isa = PBXFileReference; lastKnownFileType = sourcecode.swift; path = DoctorsHomeView.swift; sourceTree = "<group>"; };
/* End PBXFileReference section */

/* Begin PBXFrameworksBuildPhase section */
		BF1620A82B2CBFF1007ADD2F /* Frameworks */ = {
			isa = PBXFrameworksBuildPhase;
			buildActionMask = 2147483647;
			files = (
				BF16213D2B2CCD0C007ADD2F /* FirebaseMessaging in Frameworks */,
				BF16211B2B2CCD0C007ADD2F /* FirebaseAppCheck in Frameworks */,
				BF1620C42B2CC294007ADD2F /* FirebaseAnalyticsSwift in Frameworks */,
				BF1620C02B2CC294007ADD2F /* FirebaseAnalytics in Frameworks */,
				BF16213F2B2CCD0C007ADD2F /* FirebasePerformance in Frameworks */,
				BF1621012B2CCCD5007ADD2F /* FirebaseAnalytics in Frameworks */,
				BF1621172B2CCD0C007ADD2F /* FirebaseAnalyticsSwift in Frameworks */,
				BF1621112B2CCCD5007ADD2F /* FirebaseCrashlytics in Frameworks */,
				BF1621252B2CCD0C007ADD2F /* FirebaseDatabase in Frameworks */,
				BF1621332B2CCD0C007ADD2F /* FirebaseFunctionsCombine-Community in Frameworks */,
				BF1621032B2CCCD5007ADD2F /* FirebaseAnalyticsOnDeviceConversion in Frameworks */,
				BF16211D2B2CCD0C007ADD2F /* FirebaseAppDistribution-Beta in Frameworks */,
				BF1621432B2CCD0C007ADD2F /* FirebaseRemoteConfigSwift in Frameworks */,
				BF1621452B2CCD0C007ADD2F /* FirebaseStorage in Frameworks */,
				BF16210F2B2CCCD5007ADD2F /* FirebaseAuthCombine-Community in Frameworks */,
				BF1621192B2CCD0C007ADD2F /* FirebaseAnalyticsWithoutAdIdSupport in Frameworks */,
				BF16212F2B2CCD0C007ADD2F /* FirebaseFirestoreSwift in Frameworks */,
				BF1621052B2CCCD5007ADD2F /* FirebaseAnalyticsSwift in Frameworks */,
				BF1621152B2CCD0C007ADD2F /* FirebaseAnalyticsOnDeviceConversion in Frameworks */,
				BF16212D2B2CCD0C007ADD2F /* FirebaseFirestoreCombine-Community in Frameworks */,
				BF1621472B2CCD0C007ADD2F /* FirebaseStorageCombine-Community in Frameworks */,
				BF1620C22B2CC294007ADD2F /* FirebaseAnalyticsOnDeviceConversion in Frameworks */,
				BF16212B2B2CCD0C007ADD2F /* FirebaseFirestore in Frameworks */,
				BF1621132B2CCD0C007ADD2F /* FirebaseAnalytics in Frameworks */,
				BF1621272B2CCD0C007ADD2F /* FirebaseDatabaseSwift in Frameworks */,
				BF1620C82B2CC294007ADD2F /* FirebaseAppCheck in Frameworks */,
				BF16210D2B2CCCD5007ADD2F /* FirebaseAuth in Frameworks */,
				BF1621372B2CCD0C007ADD2F /* FirebaseInAppMessagingSwift-Beta in Frameworks */,
				BF1621072B2CCCD5007ADD2F /* FirebaseAnalyticsWithoutAdIdSupport in Frameworks */,
				BF1621212B2CCD0C007ADD2F /* FirebaseAuthCombine-Community in Frameworks */,
				BF1621392B2CCD0C007ADD2F /* FirebaseInstallations in Frameworks */,
				BF1621232B2CCD0C007ADD2F /* FirebaseCrashlytics in Frameworks */,
				BF1621412B2CCD0C007ADD2F /* FirebaseRemoteConfig in Frameworks */,
				BF16213B2B2CCD0C007ADD2F /* FirebaseMLModelDownloader in Frameworks */,
				BF1621092B2CCCD5007ADD2F /* FirebaseAppCheck in Frameworks */,
				BF16210B2B2CCCD5007ADD2F /* FirebaseAppDistribution-Beta in Frameworks */,
				BF1621352B2CCD0C007ADD2F /* FirebaseInAppMessaging-Beta in Frameworks */,
				BF16211F2B2CCD0C007ADD2F /* FirebaseAuth in Frameworks */,
				BF1621312B2CCD0C007ADD2F /* FirebaseFunctions in Frameworks */,
				BF1620C62B2CC294007ADD2F /* FirebaseAnalyticsWithoutAdIdSupport in Frameworks */,
				BF1621292B2CCD0C007ADD2F /* FirebaseDynamicLinks in Frameworks */,
			);
			runOnlyForDeploymentPostprocessing = 0;
		};
/* End PBXFrameworksBuildPhase section */

/* Begin PBXGroup section */
		BF1620A22B2CBFF1007ADD2F = {
			isa = PBXGroup;
			children = (
				BF1620AD2B2CBFF1007ADD2F /* SwiftUI_SMUHealthcare */,
				BF1620AC2B2CBFF1007ADD2F /* Products */,
				BF1621482B2CDD99007ADD2F /* Frameworks */,
			);
			sourceTree = "<group>";
		};
		BF1620AC2B2CBFF1007ADD2F /* Products */ = {
			isa = PBXGroup;
			children = (
				BF1620AB2B2CBFF1007ADD2F /* SwiftUI_SMUHealthcare.app */,
			);
			name = Products;
			sourceTree = "<group>";
		};
		BF1620AD2B2CBFF1007ADD2F /* SwiftUI_SMUHealthcare */ = {
			isa = PBXGroup;
			children = (
				BF1620E92B2CC81B007ADD2F /* App */,
				BF1620EB2B2CC835007ADD2F /* Core */,
				BF1620F02B2CC89B007ADD2F /* Components */,
				BF1620EF2B2CC883007ADD2F /* Model */,
				BF1620B22B2CBFF3007ADD2F /* Assets.xcassets */,
				BF1620B42B2CBFF3007ADD2F /* Preview Content */,
				BF1620BC2B2CC0C6007ADD2F /* GoogleService-Info.plist */,
			);
			path = SwiftUI_SMUHealthcare;
			sourceTree = "<group>";
		};
		BF1620B42B2CBFF3007ADD2F /* Preview Content */ = {
			isa = PBXGroup;
			children = (
				BF1620B52B2CBFF3007ADD2F /* Preview Assets.xcassets */,
			);
			path = "Preview Content";
			sourceTree = "<group>";
		};
		BF1620E92B2CC81B007ADD2F /* App */ = {
			isa = PBXGroup;
			children = (
				BF1620AE2B2CBFF1007ADD2F /* SwiftUI_SMUHealthcareApp.swift */,
			);
			path = App;
			sourceTree = "<group>";
		};
		BF1620EB2B2CC835007ADD2F /* Core */ = {
			isa = PBXGroup;
			children = (
				BF1621492B2CF00A007ADD2F /* Healthcare */,
				BF1620EE2B2CC86F007ADD2F /* Root */,
				BF1620ED2B2CC856007ADD2F /* Authentication */,
				BF1620EC2B2CC843007ADD2F /* Profile */,
			);
			path = Core;
			sourceTree = "<group>";
		};
		BF1620EC2B2CC843007ADD2F /* Profile */ = {
			isa = PBXGroup;
			children = (
				BF1620F12B2CC901007ADD2F /* ProfileView.swift */,
			);
			path = Profile;
			sourceTree = "<group>";
		};
		BF1620ED2B2CC856007ADD2F /* Authentication */ = {
			isa = PBXGroup;
			children = (
				BF1620F32B2CC91A007ADD2F /* View */,
			);
			path = Authentication;
			sourceTree = "<group>";
		};
		BF1620EE2B2CC86F007ADD2F /* Root */ = {
			isa = PBXGroup;
			children = (
				BF1620B02B2CBFF1007ADD2F /* ContentView.swift */,
			);
			path = Root;
			sourceTree = "<group>";
		};
		BF1620EF2B2CC883007ADD2F /* Model */ = {
			isa = PBXGroup;
			children = (
				BF1620FE2B2CCC37007ADD2F /* User.swift */,
				BFAC617A2B59B5F60070BE77 /* Event.swift */,
				BFAC617E2B59BAB80070BE77 /* FamilyMember.swift */,
			);
			path = Model;
			sourceTree = "<group>";
		};
		BF1620F02B2CC89B007ADD2F /* Components */ = {
			isa = PBXGroup;
			children = (
				BF1620FA2B2CC9C6007ADD2F /* InputView.swift */,
				BF1620FC2B2CC9E3007ADD2F /* SettingsRowView.swift */,
			);
			path = Components;
			sourceTree = "<group>";
		};
		BF1620F32B2CC91A007ADD2F /* View */ = {
			isa = PBXGroup;
			children = (
				BF1620F42B2CC93A007ADD2F /* LoginView.swift */,
				BF1620F62B2CC958007ADD2F /* RegistrationView.swift */,
				BF1620F82B2CC98F007ADD2F /* AuthViewModel.swift */,
			);
			path = View;
			sourceTree = "<group>";
		};
		BF1621482B2CDD99007ADD2F /* Frameworks */ = {
			isa = PBXGroup;
			children = (
			);
			name = Frameworks;
			sourceTree = "<group>";
		};
		BF1621492B2CF00A007ADD2F /* Healthcare */ = {
			isa = PBXGroup;
			children = (
				BFAC61862B59CAE50070BE77 /* Doctors */,
				BFAC61852B59CAD50070BE77 /* Nurses */,
				BFAC61802B59BADC0070BE77 /* FamilyMembers */,
				BF16214C2B2CF702007ADD2F /* Events */,
				BF16214A2B2CF0F0007ADD2F /* HealthcareHomeView.swift */,
			);
			path = Healthcare;
			sourceTree = "<group>";
		};
		BF16214C2B2CF702007ADD2F /* Events */ = {
			isa = PBXGroup;
			children = (
				BF16214D2B2CF750007ADD2F /* EventsHomeView.swift */,
				BFAC617C2B59B75A0070BE77 /* EventDetailView.swift */,
			);
			path = Events;
			sourceTree = "<group>";
		};
		BFAC61802B59BADC0070BE77 /* FamilyMembers */ = {
			isa = PBXGroup;
			children = (
				BFAC61812B59BB1C0070BE77 /* FamilyMembersHomeView.swift */,
				BFAC61832B59BB6E0070BE77 /* FamilyMemberDetailView.swift */,
			);
			path = FamilyMembers;
			sourceTree = "<group>";
		};
		BFAC61852B59CAD50070BE77 /* Nurses */ = {
			isa = PBXGroup;
			children = (
				BFAC61872B59CB1A0070BE77 /* NursesHomeView.swift */,
			);
			path = Nurses;
			sourceTree = "<group>";
		};
		BFAC61862B59CAE50070BE77 /* Doctors */ = {
			isa = PBXGroup;
			children = (
				BFAC61892B59CB3D0070BE77 /* DoctorsHomeView.swift */,
			);
			path = Doctors;
			sourceTree = "<group>";
		};
/* End PBXGroup section */

/* Begin PBXNativeTarget section */
		BF1620AA2B2CBFF1007ADD2F /* SwiftUI_SMUHealthcare */ = {
			isa = PBXNativeTarget;
			buildConfigurationList = BF1620B92B2CBFF3007ADD2F /* Build configuration list for PBXNativeTarget "SwiftUI_SMUHealthcare" */;
			buildPhases = (
				BF1620A72B2CBFF1007ADD2F /* Sources */,
				BF1620A82B2CBFF1007ADD2F /* Frameworks */,
				BF1620A92B2CBFF1007ADD2F /* Resources */,
			);
			buildRules = (
			);
			dependencies = (
			);
			name = SwiftUI_SMUHealthcare;
			packageProductDependencies = (
				BF1620BF2B2CC294007ADD2F /* FirebaseAnalytics */,
				BF1620C12B2CC294007ADD2F /* FirebaseAnalyticsOnDeviceConversion */,
				BF1620C32B2CC294007ADD2F /* FirebaseAnalyticsSwift */,
				BF1620C52B2CC294007ADD2F /* FirebaseAnalyticsWithoutAdIdSupport */,
				BF1620C72B2CC294007ADD2F /* FirebaseAppCheck */,
				BF1621002B2CCCD5007ADD2F /* FirebaseAnalytics */,
				BF1621022B2CCCD5007ADD2F /* FirebaseAnalyticsOnDeviceConversion */,
				BF1621042B2CCCD5007ADD2F /* FirebaseAnalyticsSwift */,
				BF1621062B2CCCD5007ADD2F /* FirebaseAnalyticsWithoutAdIdSupport */,
				BF1621082B2CCCD5007ADD2F /* FirebaseAppCheck */,
				BF16210A2B2CCCD5007ADD2F /* FirebaseAppDistribution-Beta */,
				BF16210C2B2CCCD5007ADD2F /* FirebaseAuth */,
				BF16210E2B2CCCD5007ADD2F /* FirebaseAuthCombine-Community */,
				BF1621102B2CCCD5007ADD2F /* FirebaseCrashlytics */,
				BF1621122B2CCD0C007ADD2F /* FirebaseAnalytics */,
				BF1621142B2CCD0C007ADD2F /* FirebaseAnalyticsOnDeviceConversion */,
				BF1621162B2CCD0C007ADD2F /* FirebaseAnalyticsSwift */,
				BF1621182B2CCD0C007ADD2F /* FirebaseAnalyticsWithoutAdIdSupport */,
				BF16211A2B2CCD0C007ADD2F /* FirebaseAppCheck */,
				BF16211C2B2CCD0C007ADD2F /* FirebaseAppDistribution-Beta */,
				BF16211E2B2CCD0C007ADD2F /* FirebaseAuth */,
				BF1621202B2CCD0C007ADD2F /* FirebaseAuthCombine-Community */,
				BF1621222B2CCD0C007ADD2F /* FirebaseCrashlytics */,
				BF1621242B2CCD0C007ADD2F /* FirebaseDatabase */,
				BF1621262B2CCD0C007ADD2F /* FirebaseDatabaseSwift */,
				BF1621282B2CCD0C007ADD2F /* FirebaseDynamicLinks */,
				BF16212A2B2CCD0C007ADD2F /* FirebaseFirestore */,
				BF16212C2B2CCD0C007ADD2F /* FirebaseFirestoreCombine-Community */,
				BF16212E2B2CCD0C007ADD2F /* FirebaseFirestoreSwift */,
				BF1621302B2CCD0C007ADD2F /* FirebaseFunctions */,
				BF1621322B2CCD0C007ADD2F /* FirebaseFunctionsCombine-Community */,
				BF1621342B2CCD0C007ADD2F /* FirebaseInAppMessaging-Beta */,
				BF1621362B2CCD0C007ADD2F /* FirebaseInAppMessagingSwift-Beta */,
				BF1621382B2CCD0C007ADD2F /* FirebaseInstallations */,
				BF16213A2B2CCD0C007ADD2F /* FirebaseMLModelDownloader */,
				BF16213C2B2CCD0C007ADD2F /* FirebaseMessaging */,
				BF16213E2B2CCD0C007ADD2F /* FirebasePerformance */,
				BF1621402B2CCD0C007ADD2F /* FirebaseRemoteConfig */,
				BF1621422B2CCD0C007ADD2F /* FirebaseRemoteConfigSwift */,
				BF1621442B2CCD0C007ADD2F /* FirebaseStorage */,
				BF1621462B2CCD0C007ADD2F /* FirebaseStorageCombine-Community */,
			);
			productName = SwiftUI_SMUHealthcare;
			productReference = BF1620AB2B2CBFF1007ADD2F /* SwiftUI_SMUHealthcare.app */;
			productType = "com.apple.product-type.application";
		};
/* End PBXNativeTarget section */

/* Begin PBXProject section */
		BF1620A32B2CBFF1007ADD2F /* Project object */ = {
			isa = PBXProject;
			attributes = {
				BuildIndependentTargetsInParallel = 1;
				LastSwiftUpdateCheck = 1500;
				LastUpgradeCheck = 1500;
				TargetAttributes = {
					BF1620AA2B2CBFF1007ADD2F = {
						CreatedOnToolsVersion = 15.0;
					};
				};
			};
			buildConfigurationList = BF1620A62B2CBFF1007ADD2F /* Build configuration list for PBXProject "SwiftUI_SMUHealthcare" */;
			compatibilityVersion = "Xcode 14.0";
			developmentRegion = en;
			hasScannedForEncodings = 0;
			knownRegions = (
				en,
				Base,
			);
			mainGroup = BF1620A22B2CBFF1007ADD2F;
			packageReferences = (
				BF1620BE2B2CC294007ADD2F /* XCRemoteSwiftPackageReference "firebase-ios-sdk" */,
			);
			productRefGroup = BF1620AC2B2CBFF1007ADD2F /* Products */;
			projectDirPath = "";
			projectRoot = "";
			targets = (
				BF1620AA2B2CBFF1007ADD2F /* SwiftUI_SMUHealthcare */,
			);
		};
/* End PBXProject section */

/* Begin PBXResourcesBuildPhase section */
		BF1620A92B2CBFF1007ADD2F /* Resources */ = {
			isa = PBXResourcesBuildPhase;
			buildActionMask = 2147483647;
			files = (
				BF1620B62B2CBFF3007ADD2F /* Preview Assets.xcassets in Resources */,
				BF1620B32B2CBFF3007ADD2F /* Assets.xcassets in Resources */,
				BF1620BD2B2CC0C6007ADD2F /* GoogleService-Info.plist in Resources */,
			);
			runOnlyForDeploymentPostprocessing = 0;
		};
/* End PBXResourcesBuildPhase section */

/* Begin PBXSourcesBuildPhase section */
		BF1620A72B2CBFF1007ADD2F /* Sources */ = {
			isa = PBXSourcesBuildPhase;
			buildActionMask = 2147483647;
			files = (
				BFAC61882B59CB1A0070BE77 /* NursesHomeView.swift in Sources */,
				BF1620B12B2CBFF1007ADD2F /* ContentView.swift in Sources */,
				BFAC617F2B59BAB80070BE77 /* FamilyMember.swift in Sources */,
				BFAC617D2B59B75A0070BE77 /* EventDetailView.swift in Sources */,
				BFAC618A2B59CB3D0070BE77 /* DoctorsHomeView.swift in Sources */,
				BF1620FB2B2CC9C6007ADD2F /* InputView.swift in Sources */,
				BF16214E2B2CF750007ADD2F /* EventsHomeView.swift in Sources */,
				BF1620F22B2CC901007ADD2F /* ProfileView.swift in Sources */,
				BFAC617B2B59B5F60070BE77 /* Event.swift in Sources */,
				BF1620F92B2CC98F007ADD2F /* AuthViewModel.swift in Sources */,
				BF1620FD2B2CC9E3007ADD2F /* SettingsRowView.swift in Sources */,
				BFAC61822B59BB1C0070BE77 /* FamilyMembersHomeView.swift in Sources */,
				BF1620FF2B2CCC37007ADD2F /* User.swift in Sources */,
				BF16214B2B2CF0F1007ADD2F /* HealthcareHomeView.swift in Sources */,
				BF1620F52B2CC93A007ADD2F /* LoginView.swift in Sources */,
				BF1620AF2B2CBFF1007ADD2F /* SwiftUI_SMUHealthcareApp.swift in Sources */,
				BF1620F72B2CC958007ADD2F /* RegistrationView.swift in Sources */,
				BFAC61842B59BB6E0070BE77 /* FamilyMemberDetailView.swift in Sources */,
			);
			runOnlyForDeploymentPostprocessing = 0;
		};
/* End PBXSourcesBuildPhase section */

/* Begin XCBuildConfiguration section */
		BF1620B72B2CBFF3007ADD2F /* Debug */ = {
			isa = XCBuildConfiguration;
			buildSettings = {
				ALWAYS_SEARCH_USER_PATHS = NO;
				ASSETCATALOG_COMPILER_GENERATE_SWIFT_ASSET_SYMBOL_EXTENSIONS = YES;
				CLANG_ANALYZER_NONNULL = YES;
				CLANG_ANALYZER_NUMBER_OBJECT_CONVERSION = YES_AGGRESSIVE;
				CLANG_CXX_LANGUAGE_STANDARD = "gnu++20";
				CLANG_ENABLE_MODULES = YES;
				CLANG_ENABLE_OBJC_ARC = YES;
				CLANG_ENABLE_OBJC_WEAK = YES;
				CLANG_WARN_BLOCK_CAPTURE_AUTORELEASING = YES;
				CLANG_WARN_BOOL_CONVERSION = YES;
				CLANG_WARN_COMMA = YES;
				CLANG_WARN_CONSTANT_CONVERSION = YES;
				CLANG_WARN_DEPRECATED_OBJC_IMPLEMENTATIONS = YES;
				CLANG_WARN_DIRECT_OBJC_ISA_USAGE = YES_ERROR;
				CLANG_WARN_DOCUMENTATION_COMMENTS = YES;
				CLANG_WARN_EMPTY_BODY = YES;
				CLANG_WARN_ENUM_CONVERSION = YES;
				CLANG_WARN_INFINITE_RECURSION = YES;
				CLANG_WARN_INT_CONVERSION = YES;
				CLANG_WARN_NON_LITERAL_NULL_CONVERSION = YES;
				CLANG_WARN_OBJC_IMPLICIT_RETAIN_SELF = YES;
				CLANG_WARN_OBJC_LITERAL_CONVERSION = YES;
				CLANG_WARN_OBJC_ROOT_CLASS = YES_ERROR;
				CLANG_WARN_QUOTED_INCLUDE_IN_FRAMEWORK_HEADER = YES;
				CLANG_WARN_RANGE_LOOP_ANALYSIS = YES;
				CLANG_WARN_STRICT_PROTOTYPES = YES;
				CLANG_WARN_SUSPICIOUS_MOVE = YES;
				CLANG_WARN_UNGUARDED_AVAILABILITY = YES_AGGRESSIVE;
				CLANG_WARN_UNREACHABLE_CODE = YES;
				CLANG_WARN__DUPLICATE_METHOD_MATCH = YES;
				COPY_PHASE_STRIP = NO;
				DEBUG_INFORMATION_FORMAT = dwarf;
				ENABLE_STRICT_OBJC_MSGSEND = YES;
				ENABLE_TESTABILITY = YES;
				ENABLE_USER_SCRIPT_SANDBOXING = YES;
				GCC_C_LANGUAGE_STANDARD = gnu17;
				GCC_DYNAMIC_NO_PIC = NO;
				GCC_NO_COMMON_BLOCKS = YES;
				GCC_OPTIMIZATION_LEVEL = 0;
				GCC_PREPROCESSOR_DEFINITIONS = (
					"DEBUG=1",
					"$(inherited)",
				);
				GCC_WARN_64_TO_32_BIT_CONVERSION = YES;
				GCC_WARN_ABOUT_RETURN_TYPE = YES_ERROR;
				GCC_WARN_UNDECLARED_SELECTOR = YES;
				GCC_WARN_UNINITIALIZED_AUTOS = YES_AGGRESSIVE;
				GCC_WARN_UNUSED_FUNCTION = YES;
				GCC_WARN_UNUSED_VARIABLE = YES;
				IPHONEOS_DEPLOYMENT_TARGET = 17.0;
				LOCALIZATION_PREFERS_STRING_CATALOGS = YES;
				MTL_ENABLE_DEBUG_INFO = INCLUDE_SOURCE;
				MTL_FAST_MATH = YES;
				ONLY_ACTIVE_ARCH = YES;
				SDKROOT = iphoneos;
				SWIFT_ACTIVE_COMPILATION_CONDITIONS = "DEBUG $(inherited)";
				SWIFT_OPTIMIZATION_LEVEL = "-Onone";
			};
			name = Debug;
		};
		BF1620B82B2CBFF3007ADD2F /* Release */ = {
			isa = XCBuildConfiguration;
			buildSettings = {
				ALWAYS_SEARCH_USER_PATHS = NO;
				ASSETCATALOG_COMPILER_GENERATE_SWIFT_ASSET_SYMBOL_EXTENSIONS = YES;
				CLANG_ANALYZER_NONNULL = YES;
				CLANG_ANALYZER_NUMBER_OBJECT_CONVERSION = YES_AGGRESSIVE;
				CLANG_CXX_LANGUAGE_STANDARD = "gnu++20";
				CLANG_ENABLE_MODULES = YES;
				CLANG_ENABLE_OBJC_ARC = YES;
				CLANG_ENABLE_OBJC_WEAK = YES;
				CLANG_WARN_BLOCK_CAPTURE_AUTORELEASING = YES;
				CLANG_WARN_BOOL_CONVERSION = YES;
				CLANG_WARN_COMMA = YES;
				CLANG_WARN_CONSTANT_CONVERSION = YES;
				CLANG_WARN_DEPRECATED_OBJC_IMPLEMENTATIONS = YES;
				CLANG_WARN_DIRECT_OBJC_ISA_USAGE = YES_ERROR;
				CLANG_WARN_DOCUMENTATION_COMMENTS = YES;
				CLANG_WARN_EMPTY_BODY = YES;
				CLANG_WARN_ENUM_CONVERSION = YES;
				CLANG_WARN_INFINITE_RECURSION = YES;
				CLANG_WARN_INT_CONVERSION = YES;
				CLANG_WARN_NON_LITERAL_NULL_CONVERSION = YES;
				CLANG_WARN_OBJC_IMPLICIT_RETAIN_SELF = YES;
				CLANG_WARN_OBJC_LITERAL_CONVERSION = YES;
				CLANG_WARN_OBJC_ROOT_CLASS = YES_ERROR;
				CLANG_WARN_QUOTED_INCLUDE_IN_FRAMEWORK_HEADER = YES;
				CLANG_WARN_RANGE_LOOP_ANALYSIS = YES;
				CLANG_WARN_STRICT_PROTOTYPES = YES;
				CLANG_WARN_SUSPICIOUS_MOVE = YES;
				CLANG_WARN_UNGUARDED_AVAILABILITY = YES_AGGRESSIVE;
				CLANG_WARN_UNREACHABLE_CODE = YES;
				CLANG_WARN__DUPLICATE_METHOD_MATCH = YES;
				COPY_PHASE_STRIP = NO;
				DEBUG_INFORMATION_FORMAT = "dwarf-with-dsym";
				ENABLE_NS_ASSERTIONS = NO;
				ENABLE_STRICT_OBJC_MSGSEND = YES;
				ENABLE_USER_SCRIPT_SANDBOXING = YES;
				GCC_C_LANGUAGE_STANDARD = gnu17;
				GCC_NO_COMMON_BLOCKS = YES;
				GCC_WARN_64_TO_32_BIT_CONVERSION = YES;
				GCC_WARN_ABOUT_RETURN_TYPE = YES_ERROR;
				GCC_WARN_UNDECLARED_SELECTOR = YES;
				GCC_WARN_UNINITIALIZED_AUTOS = YES_AGGRESSIVE;
				GCC_WARN_UNUSED_FUNCTION = YES;
				GCC_WARN_UNUSED_VARIABLE = YES;
				IPHONEOS_DEPLOYMENT_TARGET = 17.0;
				LOCALIZATION_PREFERS_STRING_CATALOGS = YES;
				MTL_ENABLE_DEBUG_INFO = NO;
				MTL_FAST_MATH = YES;
				SDKROOT = iphoneos;
				SWIFT_COMPILATION_MODE = wholemodule;
				VALIDATE_PRODUCT = YES;
			};
			name = Release;
		};
		BF1620BA2B2CBFF3007ADD2F /* Debug */ = {
			isa = XCBuildConfiguration;
			buildSettings = {
				ASSETCATALOG_COMPILER_APPICON_NAME = AppIcon;
				ASSETCATALOG_COMPILER_GLOBAL_ACCENT_COLOR_NAME = AccentColor;
				CODE_SIGN_STYLE = Automatic;
				CURRENT_PROJECT_VERSION = 1;
				DEVELOPMENT_ASSET_PATHS = "\"SwiftUI_SMUHealthcare/Preview Content\"";
				DEVELOPMENT_TEAM = T546X2D9JN;
				ENABLE_PREVIEWS = YES;
				GENERATE_INFOPLIST_FILE = YES;
				INFOPLIST_KEY_UIApplicationSceneManifest_Generation = YES;
				INFOPLIST_KEY_UIApplicationSupportsIndirectInputEvents = YES;
				INFOPLIST_KEY_UILaunchScreen_Generation = YES;
				INFOPLIST_KEY_UISupportedInterfaceOrientations_iPad = "UIInterfaceOrientationPortrait UIInterfaceOrientationPortraitUpsideDown UIInterfaceOrientationLandscapeLeft UIInterfaceOrientationLandscapeRight";
				INFOPLIST_KEY_UISupportedInterfaceOrientations_iPhone = "UIInterfaceOrientationPortrait UIInterfaceOrientationLandscapeLeft UIInterfaceOrientationLandscapeRight";
				LD_RUNPATH_SEARCH_PATHS = (
					"$(inherited)",
					"@executable_path/Frameworks",
				);
				MARKETING_VERSION = 1.0;
				PRODUCT_BUNDLE_IDENTIFIER = "com.swati.SwiftUI-SMUHealthcare";
				PRODUCT_NAME = "$(TARGET_NAME)";
				SWIFT_EMIT_LOC_STRINGS = YES;
				SWIFT_VERSION = 5.0;
				TARGETED_DEVICE_FAMILY = "1,2";
			};
			name = Debug;
		};
		BF1620BB2B2CBFF3007ADD2F /* Release */ = {
			isa = XCBuildConfiguration;
			buildSettings = {
				ASSETCATALOG_COMPILER_APPICON_NAME = AppIcon;
				ASSETCATALOG_COMPILER_GLOBAL_ACCENT_COLOR_NAME = AccentColor;
				CODE_SIGN_STYLE = Automatic;
				CURRENT_PROJECT_VERSION = 1;
				DEVELOPMENT_ASSET_PATHS = "\"SwiftUI_SMUHealthcare/Preview Content\"";
				DEVELOPMENT_TEAM = T546X2D9JN;
				ENABLE_PREVIEWS = YES;
				GENERATE_INFOPLIST_FILE = YES;
				INFOPLIST_KEY_UIApplicationSceneManifest_Generation = YES;
				INFOPLIST_KEY_UIApplicationSupportsIndirectInputEvents = YES;
				INFOPLIST_KEY_UILaunchScreen_Generation = YES;
				INFOPLIST_KEY_UISupportedInterfaceOrientations_iPad = "UIInterfaceOrientationPortrait UIInterfaceOrientationPortraitUpsideDown UIInterfaceOrientationLandscapeLeft UIInterfaceOrientationLandscapeRight";
				INFOPLIST_KEY_UISupportedInterfaceOrientations_iPhone = "UIInterfaceOrientationPortrait UIInterfaceOrientationLandscapeLeft UIInterfaceOrientationLandscapeRight";
				LD_RUNPATH_SEARCH_PATHS = (
					"$(inherited)",
					"@executable_path/Frameworks",
				);
				MARKETING_VERSION = 1.0;
				PRODUCT_BUNDLE_IDENTIFIER = "com.swati.SwiftUI-SMUHealthcare";
				PRODUCT_NAME = "$(TARGET_NAME)";
				SWIFT_EMIT_LOC_STRINGS = YES;
				SWIFT_VERSION = 5.0;
				TARGETED_DEVICE_FAMILY = "1,2";
			};
			name = Release;
		};
/* End XCBuildConfiguration section */

/* Begin XCConfigurationList section */
		BF1620A62B2CBFF1007ADD2F /* Build configuration list for PBXProject "SwiftUI_SMUHealthcare" */ = {
			isa = XCConfigurationList;
			buildConfigurations = (
				BF1620B72B2CBFF3007ADD2F /* Debug */,
				BF1620B82B2CBFF3007ADD2F /* Release */,
			);
			defaultConfigurationIsVisible = 0;
			defaultConfigurationName = Release;
		};
		BF1620B92B2CBFF3007ADD2F /* Build configuration list for PBXNativeTarget "SwiftUI_SMUHealthcare" */ = {
			isa = XCConfigurationList;
			buildConfigurations = (
				BF1620BA2B2CBFF3007ADD2F /* Debug */,
				BF1620BB2B2CBFF3007ADD2F /* Release */,
			);
			defaultConfigurationIsVisible = 0;
			defaultConfigurationName = Release;
		};
/* End XCConfigurationList section */

/* Begin XCRemoteSwiftPackageReference section */
		BF1620BE2B2CC294007ADD2F /* XCRemoteSwiftPackageReference "firebase-ios-sdk" */ = {
			isa = XCRemoteSwiftPackageReference;
			repositoryURL = "https://github.com/firebase/firebase-ios-sdk";
			requirement = {
				kind = upToNextMajorVersion;
				minimumVersion = 10.19.1;
			};
		};
/* End XCRemoteSwiftPackageReference section */

/* Begin XCSwiftPackageProductDependency section */
		BF1620BF2B2CC294007ADD2F /* FirebaseAnalytics */ = {
			isa = XCSwiftPackageProductDependency;
			package = BF1620BE2B2CC294007ADD2F /* XCRemoteSwiftPackageReference "firebase-ios-sdk" */;
			productName = FirebaseAnalytics;
		};
		BF1620C12B2CC294007ADD2F /* FirebaseAnalyticsOnDeviceConversion */ = {
			isa = XCSwiftPackageProductDependency;
			package = BF1620BE2B2CC294007ADD2F /* XCRemoteSwiftPackageReference "firebase-ios-sdk" */;
			productName = FirebaseAnalyticsOnDeviceConversion;
		};
		BF1620C32B2CC294007ADD2F /* FirebaseAnalyticsSwift */ = {
			isa = XCSwiftPackageProductDependency;
			package = BF1620BE2B2CC294007ADD2F /* XCRemoteSwiftPackageReference "firebase-ios-sdk" */;
			productName = FirebaseAnalyticsSwift;
		};
		BF1620C52B2CC294007ADD2F /* FirebaseAnalyticsWithoutAdIdSupport */ = {
			isa = XCSwiftPackageProductDependency;
			package = BF1620BE2B2CC294007ADD2F /* XCRemoteSwiftPackageReference "firebase-ios-sdk" */;
			productName = FirebaseAnalyticsWithoutAdIdSupport;
		};
		BF1620C72B2CC294007ADD2F /* FirebaseAppCheck */ = {
			isa = XCSwiftPackageProductDependency;
			package = BF1620BE2B2CC294007ADD2F /* XCRemoteSwiftPackageReference "firebase-ios-sdk" */;
			productName = FirebaseAppCheck;
		};
		BF1621002B2CCCD5007ADD2F /* FirebaseAnalytics */ = {
			isa = XCSwiftPackageProductDependency;
			package = BF1620BE2B2CC294007ADD2F /* XCRemoteSwiftPackageReference "firebase-ios-sdk" */;
			productName = FirebaseAnalytics;
		};
		BF1621022B2CCCD5007ADD2F /* FirebaseAnalyticsOnDeviceConversion */ = {
			isa = XCSwiftPackageProductDependency;
			package = BF1620BE2B2CC294007ADD2F /* XCRemoteSwiftPackageReference "firebase-ios-sdk" */;
			productName = FirebaseAnalyticsOnDeviceConversion;
		};
		BF1621042B2CCCD5007ADD2F /* FirebaseAnalyticsSwift */ = {
			isa = XCSwiftPackageProductDependency;
			package = BF1620BE2B2CC294007ADD2F /* XCRemoteSwiftPackageReference "firebase-ios-sdk" */;
			productName = FirebaseAnalyticsSwift;
		};
		BF1621062B2CCCD5007ADD2F /* FirebaseAnalyticsWithoutAdIdSupport */ = {
			isa = XCSwiftPackageProductDependency;
			package = BF1620BE2B2CC294007ADD2F /* XCRemoteSwiftPackageReference "firebase-ios-sdk" */;
			productName = FirebaseAnalyticsWithoutAdIdSupport;
		};
		BF1621082B2CCCD5007ADD2F /* FirebaseAppCheck */ = {
			isa = XCSwiftPackageProductDependency;
			package = BF1620BE2B2CC294007ADD2F /* XCRemoteSwiftPackageReference "firebase-ios-sdk" */;
			productName = FirebaseAppCheck;
		};
		BF16210A2B2CCCD5007ADD2F /* FirebaseAppDistribution-Beta */ = {
			isa = XCSwiftPackageProductDependency;
			package = BF1620BE2B2CC294007ADD2F /* XCRemoteSwiftPackageReference "firebase-ios-sdk" */;
			productName = "FirebaseAppDistribution-Beta";
		};
		BF16210C2B2CCCD5007ADD2F /* FirebaseAuth */ = {
			isa = XCSwiftPackageProductDependency;
			package = BF1620BE2B2CC294007ADD2F /* XCRemoteSwiftPackageReference "firebase-ios-sdk" */;
			productName = FirebaseAuth;
		};
		BF16210E2B2CCCD5007ADD2F /* FirebaseAuthCombine-Community */ = {
			isa = XCSwiftPackageProductDependency;
			package = BF1620BE2B2CC294007ADD2F /* XCRemoteSwiftPackageReference "firebase-ios-sdk" */;
			productName = "FirebaseAuthCombine-Community";
		};
		BF1621102B2CCCD5007ADD2F /* FirebaseCrashlytics */ = {
			isa = XCSwiftPackageProductDependency;
			package = BF1620BE2B2CC294007ADD2F /* XCRemoteSwiftPackageReference "firebase-ios-sdk" */;
			productName = FirebaseCrashlytics;
		};
		BF1621122B2CCD0C007ADD2F /* FirebaseAnalytics */ = {
			isa = XCSwiftPackageProductDependency;
			package = BF1620BE2B2CC294007ADD2F /* XCRemoteSwiftPackageReference "firebase-ios-sdk" */;
			productName = FirebaseAnalytics;
		};
		BF1621142B2CCD0C007ADD2F /* FirebaseAnalyticsOnDeviceConversion */ = {
			isa = XCSwiftPackageProductDependency;
			package = BF1620BE2B2CC294007ADD2F /* XCRemoteSwiftPackageReference "firebase-ios-sdk" */;
			productName = FirebaseAnalyticsOnDeviceConversion;
		};
		BF1621162B2CCD0C007ADD2F /* FirebaseAnalyticsSwift */ = {
			isa = XCSwiftPackageProductDependency;
			package = BF1620BE2B2CC294007ADD2F /* XCRemoteSwiftPackageReference "firebase-ios-sdk" */;
			productName = FirebaseAnalyticsSwift;
		};
		BF1621182B2CCD0C007ADD2F /* FirebaseAnalyticsWithoutAdIdSupport */ = {
			isa = XCSwiftPackageProductDependency;
			package = BF1620BE2B2CC294007ADD2F /* XCRemoteSwiftPackageReference "firebase-ios-sdk" */;
			productName = FirebaseAnalyticsWithoutAdIdSupport;
		};
		BF16211A2B2CCD0C007ADD2F /* FirebaseAppCheck */ = {
			isa = XCSwiftPackageProductDependency;
			package = BF1620BE2B2CC294007ADD2F /* XCRemoteSwiftPackageReference "firebase-ios-sdk" */;
			productName = FirebaseAppCheck;
		};
		BF16211C2B2CCD0C007ADD2F /* FirebaseAppDistribution-Beta */ = {
			isa = XCSwiftPackageProductDependency;
			package = BF1620BE2B2CC294007ADD2F /* XCRemoteSwiftPackageReference "firebase-ios-sdk" */;
			productName = "FirebaseAppDistribution-Beta";
		};
		BF16211E2B2CCD0C007ADD2F /* FirebaseAuth */ = {
			isa = XCSwiftPackageProductDependency;
			package = BF1620BE2B2CC294007ADD2F /* XCRemoteSwiftPackageReference "firebase-ios-sdk" */;
			productName = FirebaseAuth;
		};
		BF1621202B2CCD0C007ADD2F /* FirebaseAuthCombine-Community */ = {
			isa = XCSwiftPackageProductDependency;
			package = BF1620BE2B2CC294007ADD2F /* XCRemoteSwiftPackageReference "firebase-ios-sdk" */;
			productName = "FirebaseAuthCombine-Community";
		};
		BF1621222B2CCD0C007ADD2F /* FirebaseCrashlytics */ = {
			isa = XCSwiftPackageProductDependency;
			package = BF1620BE2B2CC294007ADD2F /* XCRemoteSwiftPackageReference "firebase-ios-sdk" */;
			productName = FirebaseCrashlytics;
		};
		BF1621242B2CCD0C007ADD2F /* FirebaseDatabase */ = {
			isa = XCSwiftPackageProductDependency;
			package = BF1620BE2B2CC294007ADD2F /* XCRemoteSwiftPackageReference "firebase-ios-sdk" */;
			productName = FirebaseDatabase;
		};
		BF1621262B2CCD0C007ADD2F /* FirebaseDatabaseSwift */ = {
			isa = XCSwiftPackageProductDependency;
			package = BF1620BE2B2CC294007ADD2F /* XCRemoteSwiftPackageReference "firebase-ios-sdk" */;
			productName = FirebaseDatabaseSwift;
		};
		BF1621282B2CCD0C007ADD2F /* FirebaseDynamicLinks */ = {
			isa = XCSwiftPackageProductDependency;
			package = BF1620BE2B2CC294007ADD2F /* XCRemoteSwiftPackageReference "firebase-ios-sdk" */;
			productName = FirebaseDynamicLinks;
		};
		BF16212A2B2CCD0C007ADD2F /* FirebaseFirestore */ = {
			isa = XCSwiftPackageProductDependency;
			package = BF1620BE2B2CC294007ADD2F /* XCRemoteSwiftPackageReference "firebase-ios-sdk" */;
			productName = FirebaseFirestore;
		};
		BF16212C2B2CCD0C007ADD2F /* FirebaseFirestoreCombine-Community */ = {
			isa = XCSwiftPackageProductDependency;
			package = BF1620BE2B2CC294007ADD2F /* XCRemoteSwiftPackageReference "firebase-ios-sdk" */;
			productName = "FirebaseFirestoreCombine-Community";
		};
		BF16212E2B2CCD0C007ADD2F /* FirebaseFirestoreSwift */ = {
			isa = XCSwiftPackageProductDependency;
			package = BF1620BE2B2CC294007ADD2F /* XCRemoteSwiftPackageReference "firebase-ios-sdk" */;
			productName = FirebaseFirestoreSwift;
		};
		BF1621302B2CCD0C007ADD2F /* FirebaseFunctions */ = {
			isa = XCSwiftPackageProductDependency;
			package = BF1620BE2B2CC294007ADD2F /* XCRemoteSwiftPackageReference "firebase-ios-sdk" */;
			productName = FirebaseFunctions;
		};
		BF1621322B2CCD0C007ADD2F /* FirebaseFunctionsCombine-Community */ = {
			isa = XCSwiftPackageProductDependency;
			package = BF1620BE2B2CC294007ADD2F /* XCRemoteSwiftPackageReference "firebase-ios-sdk" */;
			productName = "FirebaseFunctionsCombine-Community";
		};
		BF1621342B2CCD0C007ADD2F /* FirebaseInAppMessaging-Beta */ = {
			isa = XCSwiftPackageProductDependency;
			package = BF1620BE2B2CC294007ADD2F /* XCRemoteSwiftPackageReference "firebase-ios-sdk" */;
			productName = "FirebaseInAppMessaging-Beta";
		};
		BF1621362B2CCD0C007ADD2F /* FirebaseInAppMessagingSwift-Beta */ = {
			isa = XCSwiftPackageProductDependency;
			package = BF1620BE2B2CC294007ADD2F /* XCRemoteSwiftPackageReference "firebase-ios-sdk" */;
			productName = "FirebaseInAppMessagingSwift-Beta";
		};
		BF1621382B2CCD0C007ADD2F /* FirebaseInstallations */ = {
			isa = XCSwiftPackageProductDependency;
			package = BF1620BE2B2CC294007ADD2F /* XCRemoteSwiftPackageReference "firebase-ios-sdk" */;
			productName = FirebaseInstallations;
		};
		BF16213A2B2CCD0C007ADD2F /* FirebaseMLModelDownloader */ = {
			isa = XCSwiftPackageProductDependency;
			package = BF1620BE2B2CC294007ADD2F /* XCRemoteSwiftPackageReference "firebase-ios-sdk" */;
			productName = FirebaseMLModelDownloader;
		};
		BF16213C2B2CCD0C007ADD2F /* FirebaseMessaging */ = {
			isa = XCSwiftPackageProductDependency;
			package = BF1620BE2B2CC294007ADD2F /* XCRemoteSwiftPackageReference "firebase-ios-sdk" */;
			productName = FirebaseMessaging;
		};
		BF16213E2B2CCD0C007ADD2F /* FirebasePerformance */ = {
			isa = XCSwiftPackageProductDependency;
			package = BF1620BE2B2CC294007ADD2F /* XCRemoteSwiftPackageReference "firebase-ios-sdk" */;
			productName = FirebasePerformance;
		};
		BF1621402B2CCD0C007ADD2F /* FirebaseRemoteConfig */ = {
			isa = XCSwiftPackageProductDependency;
			package = BF1620BE2B2CC294007ADD2F /* XCRemoteSwiftPackageReference "firebase-ios-sdk" */;
			productName = FirebaseRemoteConfig;
		};
		BF1621422B2CCD0C007ADD2F /* FirebaseRemoteConfigSwift */ = {
			isa = XCSwiftPackageProductDependency;
			package = BF1620BE2B2CC294007ADD2F /* XCRemoteSwiftPackageReference "firebase-ios-sdk" */;
			productName = FirebaseRemoteConfigSwift;
		};
		BF1621442B2CCD0C007ADD2F /* FirebaseStorage */ = {
			isa = XCSwiftPackageProductDependency;
			package = BF1620BE2B2CC294007ADD2F /* XCRemoteSwiftPackageReference "firebase-ios-sdk" */;
			productName = FirebaseStorage;
		};
		BF1621462B2CCD0C007ADD2F /* FirebaseStorageCombine-Community */ = {
			isa = XCSwiftPackageProductDependency;
			package = BF1620BE2B2CC294007ADD2F /* XCRemoteSwiftPackageReference "firebase-ios-sdk" */;
			productName = "FirebaseStorageCombine-Community";
		};
/* End XCSwiftPackageProductDependency section */
	};
	rootObject = BF1620A32B2CBFF1007ADD2F /* Project object */;
}
